
Microsoft Visual Studio Solution File, Format Version 10.00
# Visual Studio 2008
Project("{2150E333-8FDC-42A3-9474-1A3956D46DE8}") = "Application", "Application", "{0CE9798F-E975-4EC5-BE31-C8E85D5C539E}"
EndProject
Project("{2150E333-8FDC-42A3-9474-1A3956D46DE8}") = "Persistence", "Persistence", "{552F7F08-DA74-49C7-A9B8-B070FB171163}"
EndProject
Project("{FAE04EC0-301F-11D3-BF4B-00C04F79EFBC}") = "SharpTM.Persistence", "app\SharpTM.Persistence\SharpTM.Persistence.csproj", "{D372E1B6-FF57-4E03-A799-02EE65FB497A}"
EndProject
Project("{FAE04EC0-301F-11D3-BF4B-00C04F79EFBC}") = "SharpTM.Persistence.Contracts", "app\SharpTM.Persistence.Contracts\SharpTM.Persistence.Contracts.csproj", "{8A73387D-9D62-4468-A349-0ACFBA93FDAA}"
EndProject
Project("{FAE04EC0-301F-11D3-BF4B-00C04F79EFBC}") = "SharpTM", "app\SharpTM\SharpTM.csproj", "{ADABAA38-52CD-4B83-8F14-E2E8F94B48DC}"
EndProject
Project("{FAE04EC0-301F-11D3-BF4B-00C04F79EFBC}") = "TMAPI.Net", "app\TMAPI.Net\TMAPI.Net.csproj", "{EF5BE96A-5C4C-4B08-9D9D-803BC91EFD6F}"
EndProject
Project("{2150E333-8FDC-42A3-9474-1A3956D46DE8}") = "Test", "Test", "{DB4AF96D-7F6F-4A53-A8F7-FD1B68D969B1}"
EndProject
Project("{2150E333-8FDC-42A3-9474-1A3956D46DE8}") = "Persistence", "Persistence", "{B56A5A44-3F9A-4A84-ADB4-8D455162E4A8}"
EndProject
Project("{FAE04EC0-301F-11D3-BF4B-00C04F79EFBC}") = "SharpTM.Persistence.Tests", "test\SharpTM.Persistence.Tests\SharpTM.Persistence.Tests.csproj", "{1E90F065-C21C-49BD-A2C2-3DA45A8EFA30}"
EndProject
Project("{FAE04EC0-301F-11D3-BF4B-00C04F79EFBC}") = "SharpTM.Tests", "test\SharpTM.Tests\SharpTM.Tests.csproj", "{FF32126E-7227-4242-948F-A8A4171ACD2A}"
EndProject
Project("{FAE04EC0-301F-11D3-BF4B-00C04F79EFBC}") = "TMAPI.Net.Tests", "test\TMAPI.Net.Tests\TMAPI.Net.Tests.csproj", "{5FBFC5C7-D5A1-4428-8C49-C42ACBCDDB4C}"
EndProject
Project("{2150E333-8FDC-42A3-9474-1A3956D46DE8}") = "Connectors", "Connectors", "{F41D336E-939D-4B2E-A6F1-F6682559DEF5}"
EndProject
Project("{FAE04EC0-301F-11D3-BF4B-00C04F79EFBC}") = "SharpTM.Persistence.FileSystemConnector", "app\SharpTM.Persistence.Connectors\FileSystem\SharpTM.Persistence.FileSystemConnector.csproj", "{B5221503-B2E8-4B1C-A1F0-09E28D4E3EC6}"
EndProject
Project("{2150E333-8FDC-42A3-9474-1A3956D46DE8}") = "Solution Items", "Solution Items", "{C0BD11BA-2F39-4D10-9D75-3533D62E4C54}"
	ProjectSection(SolutionItems) = preProject
		..\SharedAssemblyInfo.cs = ..\SharedAssemblyInfo.cs
		assets\SharpTM.ico = assets\SharpTM.ico
		assets\SharpTM.snk = assets\SharpTM.snk
	EndProjectSection
EndProject
Project("{2150E333-8FDC-42A3-9474-1A3956D46DE8}") = "Connectors", "Connectors", "{BB43C89D-07D7-4B7D-9419-DE5C46DF629F}"
EndProject
Project("{FAE04EC0-301F-11D3-BF4B-00C04F79EFBC}") = "SharpTM.Persistence.FileSystemConnectors.Tests", "test\SharpTM.Persistence.Connectors\FileSystem.Tests\SharpTM.Persistence.FileSystemConnectors.Tests.csproj", "{DA27DA38-C296-418C-B326-C5B174AFC66E}"
EndProject
Project("{2150E333-8FDC-42A3-9474-1A3956D46DE8}") = "Repositories", "Repositories", "{21519EB6-F734-4223-A778-1CCFFC84022B}"
EndProject
Project("{FAE04EC0-301F-11D3-BF4B-00C04F79EFBC}") = "SharpTM.Persistence.InMemoryRepository", "app\SharpTM.Persistence.InMemoryRepository\SharpTM.Persistence.InMemoryRepository.csproj", "{96F9F462-4DDD-4A4A-A4BF-D5D94BB2E453}"
EndProject
Global
	GlobalSection(SolutionConfigurationPlatforms) = preSolution
		Debug|Any CPU = Debug|Any CPU
		Release|Any CPU = Release|Any CPU
	EndGlobalSection
	GlobalSection(ProjectConfigurationPlatforms) = postSolution
		{D372E1B6-FF57-4E03-A799-02EE65FB497A}.Debug|Any CPU.ActiveCfg = Debug|Any CPU
		{D372E1B6-FF57-4E03-A799-02EE65FB497A}.Debug|Any CPU.Build.0 = Debug|Any CPU
		{D372E1B6-FF57-4E03-A799-02EE65FB497A}.Release|Any CPU.ActiveCfg = Release|Any CPU
		{D372E1B6-FF57-4E03-A799-02EE65FB497A}.Release|Any CPU.Build.0 = Release|Any CPU
		{8A73387D-9D62-4468-A349-0ACFBA93FDAA}.Debug|Any CPU.ActiveCfg = Debug|Any CPU
		{8A73387D-9D62-4468-A349-0ACFBA93FDAA}.Debug|Any CPU.Build.0 = Debug|Any CPU
		{8A73387D-9D62-4468-A349-0ACFBA93FDAA}.Release|Any CPU.ActiveCfg = Release|Any CPU
		{8A73387D-9D62-4468-A349-0ACFBA93FDAA}.Release|Any CPU.Build.0 = Release|Any CPU
		{ADABAA38-52CD-4B83-8F14-E2E8F94B48DC}.Debug|Any CPU.ActiveCfg = Debug|Any CPU
		{ADABAA38-52CD-4B83-8F14-E2E8F94B48DC}.Debug|Any CPU.Build.0 = Debug|Any CPU
		{ADABAA38-52CD-4B83-8F14-E2E8F94B48DC}.Release|Any CPU.ActiveCfg = Release|Any CPU
		{ADABAA38-52CD-4B83-8F14-E2E8F94B48DC}.Release|Any CPU.Build.0 = Release|Any CPU
		{EF5BE96A-5C4C-4B08-9D9D-803BC91EFD6F}.Debug|Any CPU.ActiveCfg = Debug|Any CPU
		{EF5BE96A-5C4C-4B08-9D9D-803BC91EFD6F}.Debug|Any CPU.Build.0 = Debug|Any CPU
		{EF5BE96A-5C4C-4B08-9D9D-803BC91EFD6F}.Release|Any CPU.ActiveCfg = Release|Any CPU
		{EF5BE96A-5C4C-4B08-9D9D-803BC91EFD6F}.Release|Any CPU.Build.0 = Release|Any CPU
		{1E90F065-C21C-49BD-A2C2-3DA45A8EFA30}.Debug|Any CPU.ActiveCfg = Debug|Any CPU
		{1E90F065-C21C-49BD-A2C2-3DA45A8EFA30}.Debug|Any CPU.Build.0 = Debug|Any CPU
		{1E90F065-C21C-49BD-A2C2-3DA45A8EFA30}.Release|Any CPU.ActiveCfg = Release|Any CPU
		{1E90F065-C21C-49BD-A2C2-3DA45A8EFA30}.Release|Any CPU.Build.0 = Release|Any CPU
		{FF32126E-7227-4242-948F-A8A4171ACD2A}.Debug|Any CPU.ActiveCfg = Debug|Any CPU
		{FF32126E-7227-4242-948F-A8A4171ACD2A}.Debug|Any CPU.Build.0 = Debug|Any CPU
		{FF32126E-7227-4242-948F-A8A4171ACD2A}.Release|Any CPU.ActiveCfg = Release|Any CPU
		{FF32126E-7227-4242-948F-A8A4171ACD2A}.Release|Any CPU.Build.0 = Release|Any CPU
		{5FBFC5C7-D5A1-4428-8C49-C42ACBCDDB4C}.Debug|Any CPU.ActiveCfg = Debug|Any CPU
		{5FBFC5C7-D5A1-4428-8C49-C42ACBCDDB4C}.Debug|Any CPU.Build.0 = Debug|Any CPU
		{5FBFC5C7-D5A1-4428-8C49-C42ACBCDDB4C}.Release|Any CPU.ActiveCfg = Release|Any CPU
		{5FBFC5C7-D5A1-4428-8C49-C42ACBCDDB4C}.Release|Any CPU.Build.0 = Release|Any CPU
		{B5221503-B2E8-4B1C-A1F0-09E28D4E3EC6}.Debug|Any CPU.ActiveCfg = Debug|Any CPU
		{B5221503-B2E8-4B1C-A1F0-09E28D4E3EC6}.Debug|Any CPU.Build.0 = Debug|Any CPU
		{B5221503-B2E8-4B1C-A1F0-09E28D4E3EC6}.Release|Any CPU.ActiveCfg = Release|Any CPU
		{B5221503-B2E8-4B1C-A1F0-09E28D4E3EC6}.Release|Any CPU.Build.0 = Release|Any CPU
		{DA27DA38-C296-418C-B326-C5B174AFC66E}.Debug|Any CPU.ActiveCfg = Debug|Any CPU
		{DA27DA38-C296-418C-B326-C5B174AFC66E}.Debug|Any CPU.Build.0 = Debug|Any CPU
		{DA27DA38-C296-418C-B326-C5B174AFC66E}.Release|Any CPU.ActiveCfg = Release|Any CPU
		{DA27DA38-C296-418C-B326-C5B174AFC66E}.Release|Any CPU.Build.0 = Release|Any CPU
		{96F9F462-4DDD-4A4A-A4BF-D5D94BB2E453}.Debug|Any CPU.ActiveCfg = Debug|Any CPU
		{96F9F462-4DDD-4A4A-A4BF-D5D94BB2E453}.Debug|Any CPU.Build.0 = Debug|Any CPU
		{96F9F462-4DDD-4A4A-A4BF-D5D94BB2E453}.Release|Any CPU.ActiveCfg = Release|Any CPU
		{96F9F462-4DDD-4A4A-A4BF-D5D94BB2E453}.Release|Any CPU.Build.0 = Release|Any CPU
	EndGlobalSection
	GlobalSection(SolutionProperties) = preSolution
		HideSolutionNode = FALSE
	EndGlobalSection
	GlobalSection(NestedProjects) = preSolution
		{552F7F08-DA74-49C7-A9B8-B070FB171163} = {0CE9798F-E975-4EC5-BE31-C8E85D5C539E}
		{ADABAA38-52CD-4B83-8F14-E2E8F94B48DC} = {0CE9798F-E975-4EC5-BE31-C8E85D5C539E}
		{EF5BE96A-5C4C-4B08-9D9D-803BC91EFD6F} = {0CE9798F-E975-4EC5-BE31-C8E85D5C539E}
		{D372E1B6-FF57-4E03-A799-02EE65FB497A} = {552F7F08-DA74-49C7-A9B8-B070FB171163}
		{8A73387D-9D62-4468-A349-0ACFBA93FDAA} = {552F7F08-DA74-49C7-A9B8-B070FB171163}
		{F41D336E-939D-4B2E-A6F1-F6682559DEF5} = {552F7F08-DA74-49C7-A9B8-B070FB171163}
		{21519EB6-F734-4223-A778-1CCFFC84022B} = {552F7F08-DA74-49C7-A9B8-B070FB171163}
		{B56A5A44-3F9A-4A84-ADB4-8D455162E4A8} = {DB4AF96D-7F6F-4A53-A8F7-FD1B68D969B1}
		{FF32126E-7227-4242-948F-A8A4171ACD2A} = {DB4AF96D-7F6F-4A53-A8F7-FD1B68D969B1}
		{5FBFC5C7-D5A1-4428-8C49-C42ACBCDDB4C} = {DB4AF96D-7F6F-4A53-A8F7-FD1B68D969B1}
		{1E90F065-C21C-49BD-A2C2-3DA45A8EFA30} = {B56A5A44-3F9A-4A84-ADB4-8D455162E4A8}
		{BB43C89D-07D7-4B7D-9419-DE5C46DF629F} = {B56A5A44-3F9A-4A84-ADB4-8D455162E4A8}
		{B5221503-B2E8-4B1C-A1F0-09E28D4E3EC6} = {F41D336E-939D-4B2E-A6F1-F6682559DEF5}
		{DA27DA38-C296-418C-B326-C5B174AFC66E} = {BB43C89D-07D7-4B7D-9419-DE5C46DF629F}
		{96F9F462-4DDD-4A4A-A4BF-D5D94BB2E453} = {21519EB6-F734-4223-A778-1CCFFC84022B}
	EndGlobalSection
EndGlobal
